// !$*UTF8*$!
{
	archiveVersion = 1;
	classes = {
	};
	objectVersion = 56;
	objects = {

/* Begin PBXBuildFile section */
		330F914F2AAEDAEF00B8EB99 /* CombineMoya in Frameworks */ = {isa = PBXBuildFile; productRef = 330F914E2AAEDAEF00B8EB99 /* CombineMoya */; };
		330F91512AAEDAEF00B8EB99 /* Moya in Frameworks */ = {isa = PBXBuildFile; productRef = 330F91502AAEDAEF00B8EB99 /* Moya */; };
		330F91532AAEDBBC00B8EB99 /* APIService.swift in Sources */ = {isa = PBXBuildFile; fileRef = 330F91522AAEDBBC00B8EB99 /* APIService.swift */; };
		330F91572AAEE0D200B8EB99 /* TestJoke.swift in Sources */ = {isa = PBXBuildFile; fileRef = 330F91562AAEE0D200B8EB99 /* TestJoke.swift */; };
		330F91592AB0356400B8EB99 /* AddSheetView.swift in Sources */ = {isa = PBXBuildFile; fileRef = 330F91582AB0356400B8EB99 /* AddSheetView.swift */; };
		330F915B2AB17ABE00B8EB99 /* ListViewModel.swift in Sources */ = {isa = PBXBuildFile; fileRef = 330F915A2AB17ABE00B8EB99 /* ListViewModel.swift */; };
		330F915D2AB17E4500B8EB99 /* Int+.swift in Sources */ = {isa = PBXBuildFile; fileRef = 330F915C2AB17E4500B8EB99 /* Int+.swift */; };
		330F91602AB4854C00B8EB99 /* Info.swift in Sources */ = {isa = PBXBuildFile; fileRef = 330F915F2AB4854C00B8EB99 /* Info.swift */; };
		330F91642AB4862E00B8EB99 /* Response.swift in Sources */ = {isa = PBXBuildFile; fileRef = 330F91632AB4862E00B8EB99 /* Response.swift */; };
		330F91662AB488A300B8EB99 /* SettingViewModel.swift in Sources */ = {isa = PBXBuildFile; fileRef = 330F91652AB488A300B8EB99 /* SettingViewModel.swift */; };
		33217A2C2AB8052200F7596E /* HomeViewModel.swift in Sources */ = {isa = PBXBuildFile; fileRef = 33217A2B2AB8052200F7596E /* HomeViewModel.swift */; };
		33217A2E2AB80F9B00F7596E /* Email.swift in Sources */ = {isa = PBXBuildFile; fileRef = 33217A2D2AB80F9B00F7596E /* Email.swift */; };
		33217A302AB8121700F7596E /* LogInSheetView.swift in Sources */ = {isa = PBXBuildFile; fileRef = 33217A2F2AB8121700F7596E /* LogInSheetView.swift */; };
		33217A322AB8216C00F7596E /* SignUpView.swift in Sources */ = {isa = PBXBuildFile; fileRef = 33217A312AB8216C00F7596E /* SignUpView.swift */; };
		33217A342AB8260A00F7596E /* SignUpViewModel.swift in Sources */ = {isa = PBXBuildFile; fileRef = 33217A332AB8260A00F7596E /* SignUpViewModel.swift */; };
		33217A362AB8412200F7596E /* LogInViewModel.swift in Sources */ = {isa = PBXBuildFile; fileRef = 33217A352AB8412200F7596E /* LogInViewModel.swift */; };
		33217A382AB9649200F7596E /* CardViewModel.swift in Sources */ = {isa = PBXBuildFile; fileRef = 33217A372AB9649200F7596E /* CardViewModel.swift */; };
		33217A3D2AB968EA00F7596E /* PhotoPicker.swift in Sources */ = {isa = PBXBuildFile; fileRef = 33217A3C2AB968EA00F7596E /* PhotoPicker.swift */; };
		33217A3F2ABC2B1800F7596E /* VersionSettingView.swift in Sources */ = {isa = PBXBuildFile; fileRef = 33217A3E2ABC2B1800F7596E /* VersionSettingView.swift */; };
		33217A422ABC2CF700F7596E /* NoticeSettingView.swift in Sources */ = {isa = PBXBuildFile; fileRef = 33217A412ABC2CF700F7596E /* NoticeSettingView.swift */; };
		33217A442AC06E1100F7596E /* Account.swift in Sources */ = {isa = PBXBuildFile; fileRef = 33217A432AC06E1100F7596E /* Account.swift */; };
		33217A472AC2976300F7596E /* LoginToken.swift in Sources */ = {isa = PBXBuildFile; fileRef = 33217A462AC2976300F7596E /* LoginToken.swift */; };
		33217A492AC2BFE700F7596E /* VersionSettingViewModel.swift in Sources */ = {isa = PBXBuildFile; fileRef = 33217A482AC2BFE700F7596E /* VersionSettingViewModel.swift */; };
		33217A4B2AC2CA9400F7596E /* TermsWebView.swift in Sources */ = {isa = PBXBuildFile; fileRef = 33217A4A2AC2CA9400F7596E /* TermsWebView.swift */; };
		33217A4D2AC2CD7800F7596E /* _privateDataStruct.swift in Sources */ = {isa = PBXBuildFile; fileRef = 33217A4C2AC2CD7800F7596E /* _privateDataStruct.swift */; };
		33222DFA2A95CFA300D12DA2 /* OnlyPickOneApp.swift in Sources */ = {isa = PBXBuildFile; fileRef = 33222DF92A95CFA300D12DA2 /* OnlyPickOneApp.swift */; };
		33222DFE2A95CFA500D12DA2 /* Assets.xcassets in Resources */ = {isa = PBXBuildFile; fileRef = 33222DFD2A95CFA500D12DA2 /* Assets.xcassets */; };
		33222E012A95CFA500D12DA2 /* Preview Assets.xcassets in Resources */ = {isa = PBXBuildFile; fileRef = 33222E002A95CFA500D12DA2 /* Preview Assets.xcassets */; };
		33222E0C2A95D4FF00D12DA2 /* ListView.swift in Sources */ = {isa = PBXBuildFile; fileRef = 33222E072A95D4FB00D12DA2 /* ListView.swift */; };
		33222E0D2A95D4FF00D12DA2 /* GameView.swift in Sources */ = {isa = PBXBuildFile; fileRef = 33222E0B2A95D4FF00D12DA2 /* GameView.swift */; };
		33222E0E2A95D4FF00D12DA2 /* HomeView.swift in Sources */ = {isa = PBXBuildFile; fileRef = 33222E0A2A95D4FF00D12DA2 /* HomeView.swift */; };
		33222E0F2A95D4FF00D12DA2 /* AddView.swift in Sources */ = {isa = PBXBuildFile; fileRef = 33222E092A95D4FE00D12DA2 /* AddView.swift */; };
		33222E102A95D4FF00D12DA2 /* ResultView.swift in Sources */ = {isa = PBXBuildFile; fileRef = 33222E082A95D4FE00D12DA2 /* ResultView.swift */; };
		332466A62AA8494E00F001B8 /* UIApplication+.swift in Sources */ = {isa = PBXBuildFile; fileRef = 332466A52AA8494E00F001B8 /* UIApplication+.swift */; };
		33277B252ADE793000D6694E /* WinItem.swift in Sources */ = {isa = PBXBuildFile; fileRef = 33277B242ADE793000D6694E /* WinItem.swift */; };
		33277B282ADFA56B00D6694E /* JWTDecode in Frameworks */ = {isa = PBXBuildFile; productRef = 33277B272ADFA56B00D6694E /* JWTDecode */; };
		33277B2A2ADFA5C600D6694E /* JWTDecoder.swift in Sources */ = {isa = PBXBuildFile; fileRef = 33277B292ADFA5C600D6694E /* JWTDecoder.swift */; };
		333DC6262ACDAF9400B41FFC /* NoticeListView.swift in Sources */ = {isa = PBXBuildFile; fileRef = 333DC6252ACDAF9400B41FFC /* NoticeListView.swift */; };
		333DC6292ACE597000B41FFC /* AcknowList in Frameworks */ = {isa = PBXBuildFile; productRef = 333DC6282ACE597000B41FFC /* AcknowList */; };
		333DC62B2ACE5B9D00B41FFC /* Package.resolved in Resources */ = {isa = PBXBuildFile; fileRef = 333DC62A2ACE5B9D00B41FFC /* Package.resolved */; };
		333DC62D2ACE62C100B41FFC /* AskView.swift in Sources */ = {isa = PBXBuildFile; fileRef = 333DC62C2ACE62C100B41FFC /* AskView.swift */; };
		333DC62F2ACE869100B41FFC /* GameInfoView.swift in Sources */ = {isa = PBXBuildFile; fileRef = 333DC62E2ACE869100B41FFC /* GameInfoView.swift */; };
		333DC6312ACE94A700B41FFC /* AuthInterceptor.swift in Sources */ = {isa = PBXBuildFile; fileRef = 333DC6302ACE94A600B41FFC /* AuthInterceptor.swift */; };
		337347302B1344BB0026884B /* GameSort.swift in Sources */ = {isa = PBXBuildFile; fileRef = 3373472F2B1344BB0026884B /* GameSort.swift */; };
		337347342B1A14280026884B /* TextField+.swift in Sources */ = {isa = PBXBuildFile; fileRef = 337347332B1A14280026884B /* TextField+.swift */; };
		337347362B1A19260026884B /* NSItemProvider+.swift in Sources */ = {isa = PBXBuildFile; fileRef = 337347352B1A19260026884B /* NSItemProvider+.swift */; };
		33835F022A95D86100C93EB0 /* SettingView.swift in Sources */ = {isa = PBXBuildFile; fileRef = 33835F012A95D86100C93EB0 /* SettingView.swift */; };
		33835F042A95F20200C93EB0 /* Item.swift in Sources */ = {isa = PBXBuildFile; fileRef = 33835F032A95F20200C93EB0 /* Item.swift */; };
		33835F092A95F32100C93EB0 /* GameViewModel.swift in Sources */ = {isa = PBXBuildFile; fileRef = 33835F082A95F32100C93EB0 /* GameViewModel.swift */; };
		33835F0B2A96279A00C93EB0 /* Game.swift in Sources */ = {isa = PBXBuildFile; fileRef = 33835F0A2A96279A00C93EB0 /* Game.swift */; };
		33835F0D2A971D6600C93EB0 /* CardView.swift in Sources */ = {isa = PBXBuildFile; fileRef = 33835F0C2A971D6600C93EB0 /* CardView.swift */; };
		33847FA22B0546AA00BA809F /* View+.swift in Sources */ = {isa = PBXBuildFile; fileRef = 33847FA12B0546AA00BA809F /* View+.swift */; };
		3387A60D2AD7D2DF00C30FA3 /* AddSheetViewModel.swift in Sources */ = {isa = PBXBuildFile; fileRef = 3387A60C2AD7D2DF00C30FA3 /* AddSheetViewModel.swift */; };
		33A1B8102B70860800D8CB83 /* UserListView.swift in Sources */ = {isa = PBXBuildFile; fileRef = 33A1B80F2B70860800D8CB83 /* UserListView.swift */; };
		33A1B8122B70862600D8CB83 /* UserListViewModel.swift in Sources */ = {isa = PBXBuildFile; fileRef = 33A1B8112B70862600D8CB83 /* UserListViewModel.swift */; };
		33A1B8142B7086A600D8CB83 /* User.swift in Sources */ = {isa = PBXBuildFile; fileRef = 33A1B8132B7086A600D8CB83 /* User.swift */; };
		33C79DBA2ADD195700E311F2 /* String+.swift in Sources */ = {isa = PBXBuildFile; fileRef = 33C79DB92ADD195700E311F2 /* String+.swift */; };
		33C79DBD2ADD590300E311F2 /* GoogleMobileAds in Frameworks */ = {isa = PBXBuildFile; productRef = 33C79DBC2ADD590300E311F2 /* GoogleMobileAds */; };
		33C79DBF2ADD59F000E311F2 /* GoogleADBanner.swift in Sources */ = {isa = PBXBuildFile; fileRef = 33C79DBE2ADD59F000E311F2 /* GoogleADBanner.swift */; };
		33D0C1A92B6A1A0E00542BAB /* NoticeView.swift in Sources */ = {isa = PBXBuildFile; fileRef = 33D0C1A82B6A1A0D00542BAB /* NoticeView.swift */; };
		33D94BC22AD690A1001A009F /* GameList.swift in Sources */ = {isa = PBXBuildFile; fileRef = 33D94BC12AD690A1001A009F /* GameList.swift */; };
		33D94BC52AD7B453001A009F /* Kingfisher in Frameworks */ = {isa = PBXBuildFile; productRef = 33D94BC42AD7B453001A009F /* Kingfisher */; };
		33D94BC92AD7BB6D001A009F /* GameInfoViewModel.swift in Sources */ = {isa = PBXBuildFile; fileRef = 33D94BC82AD7BB6D001A009F /* GameInfoViewModel.swift */; };
/* End PBXBuildFile section */

/* Begin PBXFileReference section */
		330F91522AAEDBBC00B8EB99 /* APIService.swift */ = {isa = PBXFileReference; lastKnownFileType = sourcecode.swift; path = APIService.swift; sourceTree = "<group>"; };
		330F91562AAEE0D200B8EB99 /* TestJoke.swift */ = {isa = PBXFileReference; lastKnownFileType = sourcecode.swift; path = TestJoke.swift; sourceTree = "<group>"; };
		330F91582AB0356400B8EB99 /* AddSheetView.swift */ = {isa = PBXFileReference; lastKnownFileType = sourcecode.swift; path = AddSheetView.swift; sourceTree = "<group>"; };
		330F915A2AB17ABE00B8EB99 /* ListViewModel.swift */ = {isa = PBXFileReference; lastKnownFileType = sourcecode.swift; path = ListViewModel.swift; sourceTree = "<group>"; };
		330F915C2AB17E4500B8EB99 /* Int+.swift */ = {isa = PBXFileReference; lastKnownFileType = sourcecode.swift; path = "Int+.swift"; sourceTree = "<group>"; };
		330F915E2AB2E3D700B8EB99 /* Info.plist */ = {isa = PBXFileReference; lastKnownFileType = text.plist; path = Info.plist; sourceTree = "<group>"; };
		330F915F2AB4854C00B8EB99 /* Info.swift */ = {isa = PBXFileReference; lastKnownFileType = sourcecode.swift; path = Info.swift; sourceTree = "<group>"; };
		330F91632AB4862E00B8EB99 /* Response.swift */ = {isa = PBXFileReference; lastKnownFileType = sourcecode.swift; path = Response.swift; sourceTree = "<group>"; };
		330F91652AB488A300B8EB99 /* SettingViewModel.swift */ = {isa = PBXFileReference; lastKnownFileType = sourcecode.swift; path = SettingViewModel.swift; sourceTree = "<group>"; };
		33217A2B2AB8052200F7596E /* HomeViewModel.swift */ = {isa = PBXFileReference; lastKnownFileType = sourcecode.swift; path = HomeViewModel.swift; sourceTree = "<group>"; };
		33217A2D2AB80F9B00F7596E /* Email.swift */ = {isa = PBXFileReference; lastKnownFileType = sourcecode.swift; path = Email.swift; sourceTree = "<group>"; };
		33217A2F2AB8121700F7596E /* LogInSheetView.swift */ = {isa = PBXFileReference; lastKnownFileType = sourcecode.swift; path = LogInSheetView.swift; sourceTree = "<group>"; };
		33217A312AB8216C00F7596E /* SignUpView.swift */ = {isa = PBXFileReference; lastKnownFileType = sourcecode.swift; path = SignUpView.swift; sourceTree = "<group>"; };
		33217A332AB8260A00F7596E /* SignUpViewModel.swift */ = {isa = PBXFileReference; lastKnownFileType = sourcecode.swift; path = SignUpViewModel.swift; sourceTree = "<group>"; };
		33217A352AB8412200F7596E /* LogInViewModel.swift */ = {isa = PBXFileReference; lastKnownFileType = sourcecode.swift; path = LogInViewModel.swift; sourceTree = "<group>"; };
		33217A372AB9649200F7596E /* CardViewModel.swift */ = {isa = PBXFileReference; lastKnownFileType = sourcecode.swift; path = CardViewModel.swift; sourceTree = "<group>"; };
		33217A3C2AB968EA00F7596E /* PhotoPicker.swift */ = {isa = PBXFileReference; lastKnownFileType = sourcecode.swift; path = PhotoPicker.swift; sourceTree = "<group>"; };
		33217A3E2ABC2B1800F7596E /* VersionSettingView.swift */ = {isa = PBXFileReference; lastKnownFileType = sourcecode.swift; path = VersionSettingView.swift; sourceTree = "<group>"; };
		33217A412ABC2CF700F7596E /* NoticeSettingView.swift */ = {isa = PBXFileReference; lastKnownFileType = sourcecode.swift; path = NoticeSettingView.swift; sourceTree = "<group>"; };
		33217A432AC06E1100F7596E /* Account.swift */ = {isa = PBXFileReference; lastKnownFileType = sourcecode.swift; path = Account.swift; sourceTree = "<group>"; };
		33217A462AC2976300F7596E /* LoginToken.swift */ = {isa = PBXFileReference; lastKnownFileType = sourcecode.swift; path = LoginToken.swift; sourceTree = "<group>"; };
		33217A482AC2BFE700F7596E /* VersionSettingViewModel.swift */ = {isa = PBXFileReference; lastKnownFileType = sourcecode.swift; path = VersionSettingViewModel.swift; sourceTree = "<group>"; };
		33217A4A2AC2CA9400F7596E /* TermsWebView.swift */ = {isa = PBXFileReference; lastKnownFileType = sourcecode.swift; path = TermsWebView.swift; sourceTree = "<group>"; };
		33217A4C2AC2CD7800F7596E /* _privateDataStruct.swift */ = {isa = PBXFileReference; lastKnownFileType = sourcecode.swift; path = _privateDataStruct.swift; sourceTree = "<group>"; };
		33222DF62A95CFA300D12DA2 /* OnlyPickOne.app */ = {isa = PBXFileReference; explicitFileType = wrapper.application; includeInIndex = 0; path = OnlyPickOne.app; sourceTree = BUILT_PRODUCTS_DIR; };
		33222DF92A95CFA300D12DA2 /* OnlyPickOneApp.swift */ = {isa = PBXFileReference; lastKnownFileType = sourcecode.swift; path = OnlyPickOneApp.swift; sourceTree = "<group>"; };
		33222DFD2A95CFA500D12DA2 /* Assets.xcassets */ = {isa = PBXFileReference; lastKnownFileType = folder.assetcatalog; path = Assets.xcassets; sourceTree = "<group>"; };
		33222E002A95CFA500D12DA2 /* Preview Assets.xcassets */ = {isa = PBXFileReference; lastKnownFileType = folder.assetcatalog; path = "Preview Assets.xcassets"; sourceTree = "<group>"; };
		33222E072A95D4FB00D12DA2 /* ListView.swift */ = {isa = PBXFileReference; lastKnownFileType = sourcecode.swift; path = ListView.swift; sourceTree = "<group>"; };
		33222E082A95D4FE00D12DA2 /* ResultView.swift */ = {isa = PBXFileReference; lastKnownFileType = sourcecode.swift; path = ResultView.swift; sourceTree = "<group>"; };
		33222E092A95D4FE00D12DA2 /* AddView.swift */ = {isa = PBXFileReference; lastKnownFileType = sourcecode.swift; path = AddView.swift; sourceTree = "<group>"; };
		33222E0A2A95D4FF00D12DA2 /* HomeView.swift */ = {isa = PBXFileReference; lastKnownFileType = sourcecode.swift; path = HomeView.swift; sourceTree = "<group>"; };
		33222E0B2A95D4FF00D12DA2 /* GameView.swift */ = {isa = PBXFileReference; lastKnownFileType = sourcecode.swift; path = GameView.swift; sourceTree = "<group>"; };
		332466A52AA8494E00F001B8 /* UIApplication+.swift */ = {isa = PBXFileReference; lastKnownFileType = sourcecode.swift; path = "UIApplication+.swift"; sourceTree = "<group>"; };
		33277B242ADE793000D6694E /* WinItem.swift */ = {isa = PBXFileReference; lastKnownFileType = sourcecode.swift; path = WinItem.swift; sourceTree = "<group>"; };
		33277B292ADFA5C600D6694E /* JWTDecoder.swift */ = {isa = PBXFileReference; lastKnownFileType = sourcecode.swift; path = JWTDecoder.swift; sourceTree = "<group>"; };
		333DC6252ACDAF9400B41FFC /* NoticeListView.swift */ = {isa = PBXFileReference; lastKnownFileType = sourcecode.swift; path = NoticeListView.swift; sourceTree = "<group>"; };
		333DC62A2ACE5B9D00B41FFC /* Package.resolved */ = {isa = PBXFileReference; fileEncoding = 4; lastKnownFileType = text; name = Package.resolved; path = ../OnlyPickOneiOS/OnlyPickOneiOS.xcodeproj/project.xcworkspace/xcshareddata/swiftpm/Package.resolved; sourceTree = "<group>"; };
		333DC62C2ACE62C100B41FFC /* AskView.swift */ = {isa = PBXFileReference; lastKnownFileType = sourcecode.swift; path = AskView.swift; sourceTree = "<group>"; };
		333DC62E2ACE869100B41FFC /* GameInfoView.swift */ = {isa = PBXFileReference; lastKnownFileType = sourcecode.swift; path = GameInfoView.swift; sourceTree = "<group>"; };
		333DC6302ACE94A600B41FFC /* AuthInterceptor.swift */ = {isa = PBXFileReference; lastKnownFileType = sourcecode.swift; path = AuthInterceptor.swift; sourceTree = "<group>"; };
		3373472F2B1344BB0026884B /* GameSort.swift */ = {isa = PBXFileReference; lastKnownFileType = sourcecode.swift; path = GameSort.swift; sourceTree = "<group>"; };
		337347332B1A14280026884B /* TextField+.swift */ = {isa = PBXFileReference; lastKnownFileType = sourcecode.swift; path = "TextField+.swift"; sourceTree = "<group>"; };
		337347352B1A19260026884B /* NSItemProvider+.swift */ = {isa = PBXFileReference; lastKnownFileType = sourcecode.swift; path = "NSItemProvider+.swift"; sourceTree = "<group>"; };
		33835F012A95D86100C93EB0 /* SettingView.swift */ = {isa = PBXFileReference; lastKnownFileType = sourcecode.swift; path = SettingView.swift; sourceTree = "<group>"; };
		33835F032A95F20200C93EB0 /* Item.swift */ = {isa = PBXFileReference; lastKnownFileType = sourcecode.swift; path = Item.swift; sourceTree = "<group>"; };
		33835F082A95F32100C93EB0 /* GameViewModel.swift */ = {isa = PBXFileReference; lastKnownFileType = sourcecode.swift; path = GameViewModel.swift; sourceTree = "<group>"; };
		33835F0A2A96279A00C93EB0 /* Game.swift */ = {isa = PBXFileReference; lastKnownFileType = sourcecode.swift; path = Game.swift; sourceTree = "<group>"; };
		33835F0C2A971D6600C93EB0 /* CardView.swift */ = {isa = PBXFileReference; lastKnownFileType = sourcecode.swift; path = CardView.swift; sourceTree = "<group>"; };
		33847FA12B0546AA00BA809F /* View+.swift */ = {isa = PBXFileReference; lastKnownFileType = sourcecode.swift; path = "View+.swift"; sourceTree = "<group>"; };
		3387A60C2AD7D2DF00C30FA3 /* AddSheetViewModel.swift */ = {isa = PBXFileReference; lastKnownFileType = sourcecode.swift; path = AddSheetViewModel.swift; sourceTree = "<group>"; };
		33A1B80F2B70860800D8CB83 /* UserListView.swift */ = {isa = PBXFileReference; lastKnownFileType = sourcecode.swift; path = UserListView.swift; sourceTree = "<group>"; };
		33A1B8112B70862600D8CB83 /* UserListViewModel.swift */ = {isa = PBXFileReference; lastKnownFileType = sourcecode.swift; path = UserListViewModel.swift; sourceTree = "<group>"; };
		33A1B8132B7086A600D8CB83 /* User.swift */ = {isa = PBXFileReference; lastKnownFileType = sourcecode.swift; path = User.swift; sourceTree = "<group>"; };
		33C79DB92ADD195700E311F2 /* String+.swift */ = {isa = PBXFileReference; lastKnownFileType = sourcecode.swift; path = "String+.swift"; sourceTree = "<group>"; };
		33C79DBE2ADD59F000E311F2 /* GoogleADBanner.swift */ = {isa = PBXFileReference; lastKnownFileType = sourcecode.swift; path = GoogleADBanner.swift; sourceTree = "<group>"; };
		33D0C1A82B6A1A0D00542BAB /* NoticeView.swift */ = {isa = PBXFileReference; lastKnownFileType = sourcecode.swift; path = NoticeView.swift; sourceTree = "<group>"; };
		33D94BC12AD690A1001A009F /* GameList.swift */ = {isa = PBXFileReference; lastKnownFileType = sourcecode.swift; path = GameList.swift; sourceTree = "<group>"; };
		33D94BC82AD7BB6D001A009F /* GameInfoViewModel.swift */ = {isa = PBXFileReference; lastKnownFileType = sourcecode.swift; path = GameInfoViewModel.swift; sourceTree = "<group>"; };
/* End PBXFileReference section */

/* Begin PBXFrameworksBuildPhase section */
		33222DF32A95CFA300D12DA2 /* Frameworks */ = {
			isa = PBXFrameworksBuildPhase;
			buildActionMask = 2147483647;
			files = (
				33D94BC52AD7B453001A009F /* Kingfisher in Frameworks */,
				330F91512AAEDAEF00B8EB99 /* Moya in Frameworks */,
				33277B282ADFA56B00D6694E /* JWTDecode in Frameworks */,
				33C79DBD2ADD590300E311F2 /* GoogleMobileAds in Frameworks */,
				333DC6292ACE597000B41FFC /* AcknowList in Frameworks */,
				330F914F2AAEDAEF00B8EB99 /* CombineMoya in Frameworks */,
			);
			runOnlyForDeploymentPostprocessing = 0;
		};
/* End PBXFrameworksBuildPhase section */

/* Begin PBXGroup section */
		330F914B2AAEDA8600B8EB99 /* Service */ = {
			isa = PBXGroup;
			children = (
				330F91522AAEDBBC00B8EB99 /* APIService.swift */,
				333DC6302ACE94A600B41FFC /* AuthInterceptor.swift */,
				33217A3C2AB968EA00F7596E /* PhotoPicker.swift */,
				33217A4C2AC2CD7800F7596E /* _privateDataStruct.swift */,
				33C79DBE2ADD59F000E311F2 /* GoogleADBanner.swift */,
				33277B292ADFA5C600D6694E /* JWTDecoder.swift */,
			);
			path = Service;
			sourceTree = "<group>";
		};
		330F914C2AAEDA9400B8EB99 /* Extension */ = {
			isa = PBXGroup;
			children = (
				332466A52AA8494E00F001B8 /* UIApplication+.swift */,
				33847FA12B0546AA00BA809F /* View+.swift */,
				337347352B1A19260026884B /* NSItemProvider+.swift */,
				330F915C2AB17E4500B8EB99 /* Int+.swift */,
				337347332B1A14280026884B /* TextField+.swift */,
				33C79DB92ADD195700E311F2 /* String+.swift */,
			);
			path = Extension;
			sourceTree = "<group>";
		};
		33217A402ABC2B1D00F7596E /* Admin */ = {
			isa = PBXGroup;
			children = (
				33217A412ABC2CF700F7596E /* NoticeSettingView.swift */,
				33A1B80F2B70860800D8CB83 /* UserListView.swift */,
				33217A3E2ABC2B1800F7596E /* VersionSettingView.swift */,
			);
			path = Admin;
			sourceTree = "<group>";
		};
		33222DED2A95CFA300D12DA2 = {
			isa = PBXGroup;
			children = (
				333DC62A2ACE5B9D00B41FFC /* Package.resolved */,
				33222DF82A95CFA300D12DA2 /* OnlyPickOne */,
				33222DF72A95CFA300D12DA2 /* Products */,
			);
			sourceTree = "<group>";
		};
		33222DF72A95CFA300D12DA2 /* Products */ = {
			isa = PBXGroup;
			children = (
				33222DF62A95CFA300D12DA2 /* OnlyPickOne.app */,
			);
			name = Products;
			sourceTree = "<group>";
		};
		33222DF82A95CFA300D12DA2 /* OnlyPickOne */ = {
			isa = PBXGroup;
			children = (
				330F915E2AB2E3D700B8EB99 /* Info.plist */,
				33222DF92A95CFA300D12DA2 /* OnlyPickOneApp.swift */,
				330F914C2AAEDA9400B8EB99 /* Extension */,
				330F914B2AAEDA8600B8EB99 /* Service */,
				33835F052A95F26300C93EB0 /* Model */,
				33835F062A95F28200C93EB0 /* View */,
				33835F072A95F2B600C93EB0 /* ViewModel */,
				33222DFD2A95CFA500D12DA2 /* Assets.xcassets */,
				33222DFF2A95CFA500D12DA2 /* Preview Content */,
			);
			path = OnlyPickOne;
			sourceTree = "<group>";
		};
		33222DFF2A95CFA500D12DA2 /* Preview Content */ = {
			isa = PBXGroup;
			children = (
				33222E002A95CFA500D12DA2 /* Preview Assets.xcassets */,
			);
			path = "Preview Content";
			sourceTree = "<group>";
		};
		33835F052A95F26300C93EB0 /* Model */ = {
			isa = PBXGroup;
			children = (
				33835F0A2A96279A00C93EB0 /* Game.swift */,
				33D94BC12AD690A1001A009F /* GameList.swift */,
				330F915F2AB4854C00B8EB99 /* Info.swift */,
				33A1B8132B7086A600D8CB83 /* User.swift */,
				33835F032A95F20200C93EB0 /* Item.swift */,
				330F91632AB4862E00B8EB99 /* Response.swift */,
				33217A2D2AB80F9B00F7596E /* Email.swift */,
				33217A462AC2976300F7596E /* LoginToken.swift */,
				33217A432AC06E1100F7596E /* Account.swift */,
				33277B242ADE793000D6694E /* WinItem.swift */,
				330F91562AAEE0D200B8EB99 /* TestJoke.swift */,
				3373472F2B1344BB0026884B /* GameSort.swift */,
			);
			path = Model;
			sourceTree = "<group>";
		};
		33835F062A95F28200C93EB0 /* View */ = {
			isa = PBXGroup;
			children = (
				33222E0A2A95D4FF00D12DA2 /* HomeView.swift */,
				33217A2F2AB8121700F7596E /* LogInSheetView.swift */,
				33217A312AB8216C00F7596E /* SignUpView.swift */,
				33222E072A95D4FB00D12DA2 /* ListView.swift */,
				333DC62E2ACE869100B41FFC /* GameInfoView.swift */,
				33222E0B2A95D4FF00D12DA2 /* GameView.swift */,
				33222E082A95D4FE00D12DA2 /* ResultView.swift */,
				33222E092A95D4FE00D12DA2 /* AddView.swift */,
				330F91582AB0356400B8EB99 /* AddSheetView.swift */,
				33835F0C2A971D6600C93EB0 /* CardView.swift */,
				33835F012A95D86100C93EB0 /* SettingView.swift */,
				333DC62C2ACE62C100B41FFC /* AskView.swift */,
				33217A4A2AC2CA9400F7596E /* TermsWebView.swift */,
				333DC6252ACDAF9400B41FFC /* NoticeListView.swift */,
				33D0C1A82B6A1A0D00542BAB /* NoticeView.swift */,
				33217A402ABC2B1D00F7596E /* Admin */,
			);
			path = View;
			sourceTree = "<group>";
		};
		33835F072A95F2B600C93EB0 /* ViewModel */ = {
			isa = PBXGroup;
			children = (
				33217A2B2AB8052200F7596E /* HomeViewModel.swift */,
				33217A332AB8260A00F7596E /* SignUpViewModel.swift */,
				33217A352AB8412200F7596E /* LogInViewModel.swift */,
				330F915A2AB17ABE00B8EB99 /* ListViewModel.swift */,
				33D94BC82AD7BB6D001A009F /* GameInfoViewModel.swift */,
				33835F082A95F32100C93EB0 /* GameViewModel.swift */,
				33A1B8112B70862600D8CB83 /* UserListViewModel.swift */,
				3387A60C2AD7D2DF00C30FA3 /* AddSheetViewModel.swift */,
				33217A372AB9649200F7596E /* CardViewModel.swift */,
				330F91652AB488A300B8EB99 /* SettingViewModel.swift */,
				33217A482AC2BFE700F7596E /* VersionSettingViewModel.swift */,
			);
			path = ViewModel;
			sourceTree = "<group>";
		};
/* End PBXGroup section */

/* Begin PBXNativeTarget section */
		33222DF52A95CFA300D12DA2 /* OnlyPickOne */ = {
			isa = PBXNativeTarget;
			buildConfigurationList = 33222E042A95CFA500D12DA2 /* Build configuration list for PBXNativeTarget "OnlyPickOne" */;
			buildPhases = (
				33222DF22A95CFA300D12DA2 /* Sources */,
				33222DF32A95CFA300D12DA2 /* Frameworks */,
				33222DF42A95CFA300D12DA2 /* Resources */,
			);
			buildRules = (
			);
			dependencies = (
			);
			name = OnlyPickOne;
			packageProductDependencies = (
				330F914E2AAEDAEF00B8EB99 /* CombineMoya */,
				330F91502AAEDAEF00B8EB99 /* Moya */,
				333DC6282ACE597000B41FFC /* AcknowList */,
				33D94BC42AD7B453001A009F /* Kingfisher */,
				33C79DBC2ADD590300E311F2 /* GoogleMobileAds */,
				33277B272ADFA56B00D6694E /* JWTDecode */,
			);
			productName = OnlyPickOne;
			productReference = 33222DF62A95CFA300D12DA2 /* OnlyPickOne.app */;
			productType = "com.apple.product-type.application";
		};
/* End PBXNativeTarget section */

/* Begin PBXProject section */
		33222DEE2A95CFA300D12DA2 /* Project object */ = {
			isa = PBXProject;
			attributes = {
				BuildIndependentTargetsInParallel = 1;
				LastSwiftUpdateCheck = 1430;
				LastUpgradeCheck = 1430;
				TargetAttributes = {
					33222DF52A95CFA300D12DA2 = {
						CreatedOnToolsVersion = 14.3.1;
					};
				};
			};
			buildConfigurationList = 33222DF12A95CFA300D12DA2 /* Build configuration list for PBXProject "OnlyPickOne" */;
			compatibilityVersion = "Xcode 14.0";
			developmentRegion = en;
			hasScannedForEncodings = 0;
			knownRegions = (
				en,
				Base,
			);
			mainGroup = 33222DED2A95CFA300D12DA2;
			packageReferences = (
				330F914D2AAEDAEF00B8EB99 /* XCRemoteSwiftPackageReference "Moya" */,
				333DC6272ACE597000B41FFC /* XCRemoteSwiftPackageReference "AcknowList" */,
				33D94BC32AD7B453001A009F /* XCRemoteSwiftPackageReference "Kingfisher" */,
				33C79DBB2ADD590300E311F2 /* XCRemoteSwiftPackageReference "swift-package-manager-google-mobile-ads" */,
				33277B262ADFA56B00D6694E /* XCRemoteSwiftPackageReference "JWTDecode" */,
			);
			productRefGroup = 33222DF72A95CFA300D12DA2 /* Products */;
			projectDirPath = "";
			projectRoot = "";
			targets = (
				33222DF52A95CFA300D12DA2 /* OnlyPickOne */,
			);
		};
/* End PBXProject section */

/* Begin PBXResourcesBuildPhase section */
		33222DF42A95CFA300D12DA2 /* Resources */ = {
			isa = PBXResourcesBuildPhase;
			buildActionMask = 2147483647;
			files = (
				33222E012A95CFA500D12DA2 /* Preview Assets.xcassets in Resources */,
				333DC62B2ACE5B9D00B41FFC /* Package.resolved in Resources */,
				33222DFE2A95CFA500D12DA2 /* Assets.xcassets in Resources */,
			);
			runOnlyForDeploymentPostprocessing = 0;
		};
/* End PBXResourcesBuildPhase section */

/* Begin PBXSourcesBuildPhase section */
		33222DF22A95CFA300D12DA2 /* Sources */ = {
			isa = PBXSourcesBuildPhase;
			buildActionMask = 2147483647;
			files = (
				33835F092A95F32100C93EB0 /* GameViewModel.swift in Sources */,
				33C79DBA2ADD195700E311F2 /* String+.swift in Sources */,
				33217A2C2AB8052200F7596E /* HomeViewModel.swift in Sources */,
				33D0C1A92B6A1A0E00542BAB /* NoticeView.swift in Sources */,
				33217A4D2AC2CD7800F7596E /* _privateDataStruct.swift in Sources */,
				33D94BC22AD690A1001A009F /* GameList.swift in Sources */,
				330F91662AB488A300B8EB99 /* SettingViewModel.swift in Sources */,
				33835F0B2A96279A00C93EB0 /* Game.swift in Sources */,
				33217A302AB8121700F7596E /* LogInSheetView.swift in Sources */,
				33222DFA2A95CFA300D12DA2 /* OnlyPickOneApp.swift in Sources */,
				33835F042A95F20200C93EB0 /* Item.swift in Sources */,
				330F91642AB4862E00B8EB99 /* Response.swift in Sources */,
				3387A60D2AD7D2DF00C30FA3 /* AddSheetViewModel.swift in Sources */,
				33222E0F2A95D4FF00D12DA2 /* AddView.swift in Sources */,
				33217A422ABC2CF700F7596E /* NoticeSettingView.swift in Sources */,
				33217A492AC2BFE700F7596E /* VersionSettingViewModel.swift in Sources */,
				337347342B1A14280026884B /* TextField+.swift in Sources */,
				333DC62D2ACE62C100B41FFC /* AskView.swift in Sources */,
				333DC6262ACDAF9400B41FFC /* NoticeListView.swift in Sources */,
				330F915D2AB17E4500B8EB99 /* Int+.swift in Sources */,
				33222E0D2A95D4FF00D12DA2 /* GameView.swift in Sources */,
				33C79DBF2ADD59F000E311F2 /* GoogleADBanner.swift in Sources */,
				33D94BC92AD7BB6D001A009F /* GameInfoViewModel.swift in Sources */,
				33847FA22B0546AA00BA809F /* View+.swift in Sources */,
				330F91602AB4854C00B8EB99 /* Info.swift in Sources */,
				33217A362AB8412200F7596E /* LogInViewModel.swift in Sources */,
				33A1B8122B70862600D8CB83 /* UserListViewModel.swift in Sources */,
				33222E0E2A95D4FF00D12DA2 /* HomeView.swift in Sources */,
				33217A342AB8260A00F7596E /* SignUpViewModel.swift in Sources */,
				33835F022A95D86100C93EB0 /* SettingView.swift in Sources */,
				333DC6312ACE94A700B41FFC /* AuthInterceptor.swift in Sources */,
				33217A2E2AB80F9B00F7596E /* Email.swift in Sources */,
				33A1B8142B7086A600D8CB83 /* User.swift in Sources */,
				337347302B1344BB0026884B /* GameSort.swift in Sources */,
				33217A322AB8216C00F7596E /* SignUpView.swift in Sources */,
				330F91572AAEE0D200B8EB99 /* TestJoke.swift in Sources */,
				33277B2A2ADFA5C600D6694E /* JWTDecoder.swift in Sources */,
				33217A382AB9649200F7596E /* CardViewModel.swift in Sources */,
				330F91592AB0356400B8EB99 /* AddSheetView.swift in Sources */,
				332466A62AA8494E00F001B8 /* UIApplication+.swift in Sources */,
				330F91532AAEDBBC00B8EB99 /* APIService.swift in Sources */,
				33217A4B2AC2CA9400F7596E /* TermsWebView.swift in Sources */,
				33222E102A95D4FF00D12DA2 /* ResultView.swift in Sources */,
				337347362B1A19260026884B /* NSItemProvider+.swift in Sources */,
				333DC62F2ACE869100B41FFC /* GameInfoView.swift in Sources */,
				33217A3D2AB968EA00F7596E /* PhotoPicker.swift in Sources */,
				33217A3F2ABC2B1800F7596E /* VersionSettingView.swift in Sources */,
				33835F0D2A971D6600C93EB0 /* CardView.swift in Sources */,
				33217A442AC06E1100F7596E /* Account.swift in Sources */,
				33222E0C2A95D4FF00D12DA2 /* ListView.swift in Sources */,
				330F915B2AB17ABE00B8EB99 /* ListViewModel.swift in Sources */,
				33277B252ADE793000D6694E /* WinItem.swift in Sources */,
				33217A472AC2976300F7596E /* LoginToken.swift in Sources */,
				33A1B8102B70860800D8CB83 /* UserListView.swift in Sources */,
			);
			runOnlyForDeploymentPostprocessing = 0;
		};
/* End PBXSourcesBuildPhase section */

/* Begin XCBuildConfiguration section */
		33222E022A95CFA500D12DA2 /* Debug */ = {
			isa = XCBuildConfiguration;
			buildSettings = {
				ALWAYS_SEARCH_USER_PATHS = NO;
				CLANG_ANALYZER_NONNULL = YES;
				CLANG_ANALYZER_NUMBER_OBJECT_CONVERSION = YES_AGGRESSIVE;
				CLANG_CXX_LANGUAGE_STANDARD = "gnu++20";
				CLANG_ENABLE_MODULES = YES;
				CLANG_ENABLE_OBJC_ARC = YES;
				CLANG_ENABLE_OBJC_WEAK = YES;
				CLANG_WARN_BLOCK_CAPTURE_AUTORELEASING = YES;
				CLANG_WARN_BOOL_CONVERSION = YES;
				CLANG_WARN_COMMA = YES;
				CLANG_WARN_CONSTANT_CONVERSION = YES;
				CLANG_WARN_DEPRECATED_OBJC_IMPLEMENTATIONS = YES;
				CLANG_WARN_DIRECT_OBJC_ISA_USAGE = YES_ERROR;
				CLANG_WARN_DOCUMENTATION_COMMENTS = YES;
				CLANG_WARN_EMPTY_BODY = YES;
				CLANG_WARN_ENUM_CONVERSION = YES;
				CLANG_WARN_INFINITE_RECURSION = YES;
				CLANG_WARN_INT_CONVERSION = YES;
				CLANG_WARN_NON_LITERAL_NULL_CONVERSION = YES;
				CLANG_WARN_OBJC_IMPLICIT_RETAIN_SELF = YES;
				CLANG_WARN_OBJC_LITERAL_CONVERSION = YES;
				CLANG_WARN_OBJC_ROOT_CLASS = YES_ERROR;
				CLANG_WARN_QUOTED_INCLUDE_IN_FRAMEWORK_HEADER = YES;
				CLANG_WARN_RANGE_LOOP_ANALYSIS = YES;
				CLANG_WARN_STRICT_PROTOTYPES = YES;
				CLANG_WARN_SUSPICIOUS_MOVE = YES;
				CLANG_WARN_UNGUARDED_AVAILABILITY = YES_AGGRESSIVE;
				CLANG_WARN_UNREACHABLE_CODE = YES;
				CLANG_WARN__DUPLICATE_METHOD_MATCH = YES;
				COPY_PHASE_STRIP = NO;
				DEBUG_INFORMATION_FORMAT = dwarf;
				ENABLE_STRICT_OBJC_MSGSEND = YES;
				ENABLE_TESTABILITY = YES;
				GCC_C_LANGUAGE_STANDARD = gnu11;
				GCC_DYNAMIC_NO_PIC = NO;
				GCC_NO_COMMON_BLOCKS = YES;
				GCC_OPTIMIZATION_LEVEL = 0;
				GCC_PREPROCESSOR_DEFINITIONS = (
					"DEBUG=1",
					"$(inherited)",
				);
				GCC_WARN_64_TO_32_BIT_CONVERSION = YES;
				GCC_WARN_ABOUT_RETURN_TYPE = YES_ERROR;
				GCC_WARN_UNDECLARED_SELECTOR = YES;
				GCC_WARN_UNINITIALIZED_AUTOS = YES_AGGRESSIVE;
				GCC_WARN_UNUSED_FUNCTION = YES;
				GCC_WARN_UNUSED_VARIABLE = YES;
				IPHONEOS_DEPLOYMENT_TARGET = 16.4;
				MTL_ENABLE_DEBUG_INFO = INCLUDE_SOURCE;
				MTL_FAST_MATH = YES;
				ONLY_ACTIVE_ARCH = YES;
				OTHER_LDFLAGS = "-ObjC";
				SDKROOT = iphoneos;
				SWIFT_ACTIVE_COMPILATION_CONDITIONS = DEBUG;
				SWIFT_OPTIMIZATION_LEVEL = "-Onone";
			};
			name = Debug;
		};
		33222E032A95CFA500D12DA2 /* Release */ = {
			isa = XCBuildConfiguration;
			buildSettings = {
				ALWAYS_SEARCH_USER_PATHS = NO;
				CLANG_ANALYZER_NONNULL = YES;
				CLANG_ANALYZER_NUMBER_OBJECT_CONVERSION = YES_AGGRESSIVE;
				CLANG_CXX_LANGUAGE_STANDARD = "gnu++20";
				CLANG_ENABLE_MODULES = YES;
				CLANG_ENABLE_OBJC_ARC = YES;
				CLANG_ENABLE_OBJC_WEAK = YES;
				CLANG_WARN_BLOCK_CAPTURE_AUTORELEASING = YES;
				CLANG_WARN_BOOL_CONVERSION = YES;
				CLANG_WARN_COMMA = YES;
				CLANG_WARN_CONSTANT_CONVERSION = YES;
				CLANG_WARN_DEPRECATED_OBJC_IMPLEMENTATIONS = YES;
				CLANG_WARN_DIRECT_OBJC_ISA_USAGE = YES_ERROR;
				CLANG_WARN_DOCUMENTATION_COMMENTS = YES;
				CLANG_WARN_EMPTY_BODY = YES;
				CLANG_WARN_ENUM_CONVERSION = YES;
				CLANG_WARN_INFINITE_RECURSION = YES;
				CLANG_WARN_INT_CONVERSION = YES;
				CLANG_WARN_NON_LITERAL_NULL_CONVERSION = YES;
				CLANG_WARN_OBJC_IMPLICIT_RETAIN_SELF = YES;
				CLANG_WARN_OBJC_LITERAL_CONVERSION = YES;
				CLANG_WARN_OBJC_ROOT_CLASS = YES_ERROR;
				CLANG_WARN_QUOTED_INCLUDE_IN_FRAMEWORK_HEADER = YES;
				CLANG_WARN_RANGE_LOOP_ANALYSIS = YES;
				CLANG_WARN_STRICT_PROTOTYPES = YES;
				CLANG_WARN_SUSPICIOUS_MOVE = YES;
				CLANG_WARN_UNGUARDED_AVAILABILITY = YES_AGGRESSIVE;
				CLANG_WARN_UNREACHABLE_CODE = YES;
				CLANG_WARN__DUPLICATE_METHOD_MATCH = YES;
				COPY_PHASE_STRIP = NO;
				DEBUG_INFORMATION_FORMAT = "dwarf-with-dsym";
				ENABLE_NS_ASSERTIONS = NO;
				ENABLE_STRICT_OBJC_MSGSEND = YES;
				GCC_C_LANGUAGE_STANDARD = gnu11;
				GCC_NO_COMMON_BLOCKS = YES;
				GCC_WARN_64_TO_32_BIT_CONVERSION = YES;
				GCC_WARN_ABOUT_RETURN_TYPE = YES_ERROR;
				GCC_WARN_UNDECLARED_SELECTOR = YES;
				GCC_WARN_UNINITIALIZED_AUTOS = YES_AGGRESSIVE;
				GCC_WARN_UNUSED_FUNCTION = YES;
				GCC_WARN_UNUSED_VARIABLE = YES;
				IPHONEOS_DEPLOYMENT_TARGET = 16.4;
				MTL_ENABLE_DEBUG_INFO = NO;
				MTL_FAST_MATH = YES;
				OTHER_LDFLAGS = "-ObjC";
				SDKROOT = iphoneos;
				SWIFT_COMPILATION_MODE = wholemodule;
				SWIFT_OPTIMIZATION_LEVEL = "-O";
				VALIDATE_PRODUCT = YES;
			};
			name = Release;
		};
		33222E052A95CFA500D12DA2 /* Debug */ = {
			isa = XCBuildConfiguration;
			buildSettings = {
				ASSETCATALOG_COMPILER_APPICON_NAME = AppIcon;
				ASSETCATALOG_COMPILER_GLOBAL_ACCENT_COLOR_NAME = AccentColor;
				CODE_SIGN_STYLE = Automatic;
				CURRENT_PROJECT_VERSION = 1;
				DEVELOPMENT_ASSET_PATHS = "\"OnlyPickOne/Preview Content\"";
				DEVELOPMENT_TEAM = 6W8N7TVCPJ;
				ENABLE_PREVIEWS = YES;
				GENERATE_INFOPLIST_FILE = YES;
				INFOPLIST_FILE = OnlyPickOne/Info.plist;
				INFOPLIST_KEY_CFBundleDisplayName = "온리픽원";
				INFOPLIST_KEY_UIApplicationSceneManifest_Generation = YES;
				INFOPLIST_KEY_UIApplicationSupportsIndirectInputEvents = YES;
				INFOPLIST_KEY_UILaunchScreen_Generation = YES;
				INFOPLIST_KEY_UISupportedInterfaceOrientations = UIInterfaceOrientationPortrait;
				INFOPLIST_KEY_UISupportedInterfaceOrientations_iPad = "UIInterfaceOrientationLandscapeLeft UIInterfaceOrientationLandscapeRight UIInterfaceOrientationPortrait UIInterfaceOrientationPortraitUpsideDown";
				IPHONEOS_DEPLOYMENT_TARGET = 15.0;
				LD_RUNPATH_SEARCH_PATHS = (
					"$(inherited)",
					"@executable_path/Frameworks",
				);
				MARKETING_VERSION = 1.0.2;
				PRODUCT_BUNDLE_IDENTIFIER = com.taehee.sample.OnlyPickOne;
				PRODUCT_NAME = "$(TARGET_NAME)";
				SUPPORTED_PLATFORMS = "iphoneos iphonesimulator";
				SUPPORTS_MACCATALYST = NO;
				SUPPORTS_MAC_DESIGNED_FOR_IPHONE_IPAD = NO;
				SWIFT_EMIT_LOC_STRINGS = YES;
				SWIFT_VERSION = 5.0;
				TARGETED_DEVICE_FAMILY = 1;
			};
			name = Debug;
		};
		33222E062A95CFA500D12DA2 /* Release */ = {
			isa = XCBuildConfiguration;
			buildSettings = {
				ASSETCATALOG_COMPILER_APPICON_NAME = AppIcon;
				ASSETCATALOG_COMPILER_GLOBAL_ACCENT_COLOR_NAME = AccentColor;
				CODE_SIGN_STYLE = Automatic;
				CURRENT_PROJECT_VERSION = 1;
				DEVELOPMENT_ASSET_PATHS = "\"OnlyPickOne/Preview Content\"";
				DEVELOPMENT_TEAM = 6W8N7TVCPJ;
				ENABLE_PREVIEWS = YES;
				GENERATE_INFOPLIST_FILE = YES;
				INFOPLIST_FILE = OnlyPickOne/Info.plist;
				INFOPLIST_KEY_CFBundleDisplayName = "온리픽원";
				INFOPLIST_KEY_UIApplicationSceneManifest_Generation = YES;
				INFOPLIST_KEY_UIApplicationSupportsIndirectInputEvents = YES;
				INFOPLIST_KEY_UILaunchScreen_Generation = YES;
				INFOPLIST_KEY_UISupportedInterfaceOrientations = UIInterfaceOrientationPortrait;
				INFOPLIST_KEY_UISupportedInterfaceOrientations_iPad = "UIInterfaceOrientationLandscapeLeft UIInterfaceOrientationLandscapeRight UIInterfaceOrientationPortrait UIInterfaceOrientationPortraitUpsideDown";
				IPHONEOS_DEPLOYMENT_TARGET = 15.0;
				LD_RUNPATH_SEARCH_PATHS = (
					"$(inherited)",
					"@executable_path/Frameworks",
				);
				MARKETING_VERSION = 1.0.2;
				PRODUCT_BUNDLE_IDENTIFIER = com.taehee.sample.OnlyPickOne;
				PRODUCT_NAME = "$(TARGET_NAME)";
				SUPPORTED_PLATFORMS = "iphoneos iphonesimulator";
				SUPPORTS_MACCATALYST = NO;
				SUPPORTS_MAC_DESIGNED_FOR_IPHONE_IPAD = NO;
				SWIFT_EMIT_LOC_STRINGS = YES;
				SWIFT_VERSION = 5.0;
				TARGETED_DEVICE_FAMILY = 1;
			};
			name = Release;
		};
/* End XCBuildConfiguration section */

/* Begin XCConfigurationList section */
		33222DF12A95CFA300D12DA2 /* Build configuration list for PBXProject "OnlyPickOne" */ = {
			isa = XCConfigurationList;
			buildConfigurations = (
				33222E022A95CFA500D12DA2 /* Debug */,
				33222E032A95CFA500D12DA2 /* Release */,
			);
			defaultConfigurationIsVisible = 0;
			defaultConfigurationName = Release;
		};
		33222E042A95CFA500D12DA2 /* Build configuration list for PBXNativeTarget "OnlyPickOne" */ = {
			isa = XCConfigurationList;
			buildConfigurations = (
				33222E052A95CFA500D12DA2 /* Debug */,
				33222E062A95CFA500D12DA2 /* Release */,
			);
			defaultConfigurationIsVisible = 0;
			defaultConfigurationName = Release;
		};
/* End XCConfigurationList section */

/* Begin XCRemoteSwiftPackageReference section */
		330F914D2AAEDAEF00B8EB99 /* XCRemoteSwiftPackageReference "Moya" */ = {
			isa = XCRemoteSwiftPackageReference;
			repositoryURL = "https://github.com/Moya/Moya.git";
			requirement = {
				kind = upToNextMajorVersion;
				minimumVersion = 15.0.0;
			};
		};
		33277B262ADFA56B00D6694E /* XCRemoteSwiftPackageReference "JWTDecode" */ = {
			isa = XCRemoteSwiftPackageReference;
			repositoryURL = "https://github.com/auth0/JWTDecode.swift";
			requirement = {
				kind = upToNextMajorVersion;
				minimumVersion = 3.0.0;
			};
		};
		333DC6272ACE597000B41FFC /* XCRemoteSwiftPackageReference "AcknowList" */ = {
			isa = XCRemoteSwiftPackageReference;
			repositoryURL = "https://github.com/vtourraine/AcknowList";
			requirement = {
				kind = upToNextMajorVersion;
				minimumVersion = 3.0.0;
			};
		};
		33C79DBB2ADD590300E311F2 /* XCRemoteSwiftPackageReference "swift-package-manager-google-mobile-ads" */ = {
			isa = XCRemoteSwiftPackageReference;
			repositoryURL = "https://github.com/googleads/swift-package-manager-google-mobile-ads.git";
			requirement = {
				kind = upToNextMajorVersion;
				minimumVersion = 10.0.0;
			};
		};
		33D94BC32AD7B453001A009F /* XCRemoteSwiftPackageReference "Kingfisher" */ = {
			isa = XCRemoteSwiftPackageReference;
			repositoryURL = "https://github.com/onevcat/Kingfisher.git";
			requirement = {
				kind = upToNextMajorVersion;
				minimumVersion = 7.0.0;
			};
		};
/* End XCRemoteSwiftPackageReference section */

/* Begin XCSwiftPackageProductDependency section */
		330F914E2AAEDAEF00B8EB99 /* CombineMoya */ = {
			isa = XCSwiftPackageProductDependency;
			package = 330F914D2AAEDAEF00B8EB99 /* XCRemoteSwiftPackageReference "Moya" */;
			productName = CombineMoya;
		};
		330F91502AAEDAEF00B8EB99 /* Moya */ = {
			isa = XCSwiftPackageProductDependency;
			package = 330F914D2AAEDAEF00B8EB99 /* XCRemoteSwiftPackageReference "Moya" */;
			productName = Moya;
		};
		33277B272ADFA56B00D6694E /* JWTDecode */ = {
			isa = XCSwiftPackageProductDependency;
			package = 33277B262ADFA56B00D6694E /* XCRemoteSwiftPackageReference "JWTDecode" */;
			productName = JWTDecode;
		};
		333DC6282ACE597000B41FFC /* AcknowList */ = {
			isa = XCSwiftPackageProductDependency;
			package = 333DC6272ACE597000B41FFC /* XCRemoteSwiftPackageReference "AcknowList" */;
			productName = AcknowList;
		};
		33C79DBC2ADD590300E311F2 /* GoogleMobileAds */ = {
			isa = XCSwiftPackageProductDependency;
			package = 33C79DBB2ADD590300E311F2 /* XCRemoteSwiftPackageReference "swift-package-manager-google-mobile-ads" */;
			productName = GoogleMobileAds;
		};
		33D94BC42AD7B453001A009F /* Kingfisher */ = {
			isa = XCSwiftPackageProductDependency;
			package = 33D94BC32AD7B453001A009F /* XCRemoteSwiftPackageReference "Kingfisher" */;
			productName = Kingfisher;
		};
/* End XCSwiftPackageProductDependency section */
	};
	rootObject = 33222DEE2A95CFA300D12DA2 /* Project object */;
}
